
Microsoft Visual Studio Solution File, Format Version 12.00
# Visual Studio 15
VisualStudioVersion = 15.0.26730.10
MinimumVisualStudioVersion = 10.0.40219.1
Project("{2150E333-8FDC-42A3-9474-1A3956D46DE8}") = "Framework", "Framework", "{41C68525-44C5-42B8-97CF-F1A3E8B19298}"
EndProject
Project("{2150E333-8FDC-42A3-9474-1A3956D46DE8}") = "Services", "Services", "{BFDB6F77-E4A9-4964-8B3E-449D0B56B255}"
EndProject
Project("{2150E333-8FDC-42A3-9474-1A3956D46DE8}") = "Data", "Data", "{8EAE21BE-173E-4F0A-919A-90E980A2F6C6}"
EndProject
Project("{2150E333-8FDC-42A3-9474-1A3956D46DE8}") = "Tests", "Tests", "{E60FB002-2927-4F89-B534-0D3314DEC7CC}"
EndProject
Project("{FAE04EC0-301F-11D3-BF4B-00C04F79EFBC}") = "PayMe.Services.WebApi", "PayMe.Services.WebApi\PayMe.Services.WebApi.csproj", "{62A37415-A268-4799-8FD7-9DC23D4AAE93}"
EndProject
Project("{FAE04EC0-301F-11D3-BF4B-00C04F79EFBC}") = "PayMe.Framework", "PayMe.Framework\PayMe.Framework.csproj", "{75AEBAE1-71AD-46A6-9B1B-F958B7897784}"
EndProject
Project("{00D1A9C2-B5F0-4AF3-8072-F6C62B433612}") = "PayMe.Database", "PayMe.Database\PayMe.Database.sqlproj", "{D9C9130A-9EEF-4190-9F61-D8DAD247E3F4}"
EndProject
Project("{FAE04EC0-301F-11D3-BF4B-00C04F79EFBC}") = "PayMe.Tests", "PayMe.Tests\PayMe.Tests.csproj", "{3E616927-E2B9-4985-ADF6-95647498E122}"
EndProject
Global
	GlobalSection(SolutionConfigurationPlatforms) = preSolution
		Debug|Android = Debug|Android
		Debug|Any CPU = Debug|Any CPU
		Debug|ARM = Debug|ARM
		Debug|iPhone = Debug|iPhone
		Debug|iPhoneSimulator = Debug|iPhoneSimulator
		Debug|Windows = Debug|Windows
		Debug|x64 = Debug|x64
		Debug|x86 = Debug|x86
		Debug-Android|Android = Debug-Android|Android
		Debug-Android|Any CPU = Debug-Android|Any CPU
		Debug-Android|ARM = Debug-Android|ARM
		Debug-Android|iPhone = Debug-Android|iPhone
		Debug-Android|iPhoneSimulator = Debug-Android|iPhoneSimulator
		Debug-Android|Windows = Debug-Android|Windows
		Debug-Android|x64 = Debug-Android|x64
		Debug-Android|x86 = Debug-Android|x86
		Debug-Web|Android = Debug-Web|Android
		Debug-Web|Any CPU = Debug-Web|Any CPU
		Debug-Web|ARM = Debug-Web|ARM
		Debug-Web|iPhone = Debug-Web|iPhone
		Debug-Web|iPhoneSimulator = Debug-Web|iPhoneSimulator
		Debug-Web|Windows = Debug-Web|Windows
		Debug-Web|x64 = Debug-Web|x64
		Debug-Web|x86 = Debug-Web|x86
		Release|Android = Release|Android
		Release|Any CPU = Release|Any CPU
		Release|ARM = Release|ARM
		Release|iPhone = Release|iPhone
		Release|iPhoneSimulator = Release|iPhoneSimulator
		Release|Windows = Release|Windows
		Release|x64 = Release|x64
		Release|x86 = Release|x86
	EndGlobalSection
	GlobalSection(ProjectConfigurationPlatforms) = postSolution
		{62A37415-A268-4799-8FD7-9DC23D4AAE93}.Debug|Android.ActiveCfg = Debug|Any CPU
		{62A37415-A268-4799-8FD7-9DC23D4AAE93}.Debug|Android.Build.0 = Debug|Any CPU
		{62A37415-A268-4799-8FD7-9DC23D4AAE93}.Debug|Any CPU.ActiveCfg = Debug|Any CPU
		{62A37415-A268-4799-8FD7-9DC23D4AAE93}.Debug|Any CPU.Build.0 = Debug|Any CPU
		{62A37415-A268-4799-8FD7-9DC23D4AAE93}.Debug|ARM.ActiveCfg = Debug|Any CPU
		{62A37415-A268-4799-8FD7-9DC23D4AAE93}.Debug|ARM.Build.0 = Debug|Any CPU
		{62A37415-A268-4799-8FD7-9DC23D4AAE93}.Debug|iPhone.ActiveCfg = Debug|Any CPU
		{62A37415-A268-4799-8FD7-9DC23D4AAE93}.Debug|iPhone.Build.0 = Debug|Any CPU
		{62A37415-A268-4799-8FD7-9DC23D4AAE93}.Debug|iPhoneSimulator.ActiveCfg = Debug|Any CPU
		{62A37415-A268-4799-8FD7-9DC23D4AAE93}.Debug|iPhoneSimulator.Build.0 = Debug|Any CPU
		{62A37415-A268-4799-8FD7-9DC23D4AAE93}.Debug|Windows.ActiveCfg = Debug|Any CPU
		{62A37415-A268-4799-8FD7-9DC23D4AAE93}.Debug|Windows.Build.0 = Debug|Any CPU
		{62A37415-A268-4799-8FD7-9DC23D4AAE93}.Debug|x64.ActiveCfg = Debug|Any CPU
		{62A37415-A268-4799-8FD7-9DC23D4AAE93}.Debug|x64.Build.0 = Debug|Any CPU
		{62A37415-A268-4799-8FD7-9DC23D4AAE93}.Debug|x86.ActiveCfg = Debug|Any CPU
		{62A37415-A268-4799-8FD7-9DC23D4AAE93}.Debug|x86.Build.0 = Debug|Any CPU
		{62A37415-A268-4799-8FD7-9DC23D4AAE93}.Debug-Android|Android.ActiveCfg = Debug|Any CPU
		{62A37415-A268-4799-8FD7-9DC23D4AAE93}.Debug-Android|Android.Build.0 = Debug|Any CPU
		{62A37415-A268-4799-8FD7-9DC23D4AAE93}.Debug-Android|Any CPU.ActiveCfg = Debug|Any CPU
		{62A37415-A268-4799-8FD7-9DC23D4AAE93}.Debug-Android|Any CPU.Build.0 = Debug|Any CPU
		{62A37415-A268-4799-8FD7-9DC23D4AAE93}.Debug-Android|ARM.ActiveCfg = Debug|Any CPU
		{62A37415-A268-4799-8FD7-9DC23D4AAE93}.Debug-Android|ARM.Build.0 = Debug|Any CPU
		{62A37415-A268-4799-8FD7-9DC23D4AAE93}.Debug-Android|iPhone.ActiveCfg = Debug|Any CPU
		{62A37415-A268-4799-8FD7-9DC23D4AAE93}.Debug-Android|iPhone.Build.0 = Debug|Any CPU
		{62A37415-A268-4799-8FD7-9DC23D4AAE93}.Debug-Android|iPhoneSimulator.ActiveCfg = Debug|Any CPU
		{62A37415-A268-4799-8FD7-9DC23D4AAE93}.Debug-Android|iPhoneSimulator.Build.0 = Debug|Any CPU
		{62A37415-A268-4799-8FD7-9DC23D4AAE93}.Debug-Android|Windows.ActiveCfg = Debug|Any CPU
		{62A37415-A268-4799-8FD7-9DC23D4AAE93}.Debug-Android|Windows.Build.0 = Debug|Any CPU
		{62A37415-A268-4799-8FD7-9DC23D4AAE93}.Debug-Android|x64.ActiveCfg = Debug|Any CPU
		{62A37415-A268-4799-8FD7-9DC23D4AAE93}.Debug-Android|x64.Build.0 = Debug|Any CPU
		{62A37415-A268-4799-8FD7-9DC23D4AAE93}.Debug-Android|x86.ActiveCfg = Debug|Any CPU
		{62A37415-A268-4799-8FD7-9DC23D4AAE93}.Debug-Android|x86.Build.0 = Debug|Any CPU
		{62A37415-A268-4799-8FD7-9DC23D4AAE93}.Debug-Web|Android.ActiveCfg = Debug|Any CPU
		{62A37415-A268-4799-8FD7-9DC23D4AAE93}.Debug-Web|Android.Build.0 = Debug|Any CPU
		{62A37415-A268-4799-8FD7-9DC23D4AAE93}.Debug-Web|Any CPU.ActiveCfg = Debug|Any CPU
		{62A37415-A268-4799-8FD7-9DC23D4AAE93}.Debug-Web|Any CPU.Build.0 = Debug|Any CPU
		{62A37415-A268-4799-8FD7-9DC23D4AAE93}.Debug-Web|ARM.ActiveCfg = Debug|Any CPU
		{62A37415-A268-4799-8FD7-9DC23D4AAE93}.Debug-Web|ARM.Build.0 = Debug|Any CPU
		{62A37415-A268-4799-8FD7-9DC23D4AAE93}.Debug-Web|iPhone.ActiveCfg = Debug|Any CPU
		{62A37415-A268-4799-8FD7-9DC23D4AAE93}.Debug-Web|iPhone.Build.0 = Debug|Any CPU
		{62A37415-A268-4799-8FD7-9DC23D4AAE93}.Debug-Web|iPhoneSimulator.ActiveCfg = Debug|Any CPU
		{62A37415-A268-4799-8FD7-9DC23D4AAE93}.Debug-Web|iPhoneSimulator.Build.0 = Debug|Any CPU
		{62A37415-A268-4799-8FD7-9DC23D4AAE93}.Debug-Web|Windows.ActiveCfg = Debug|Any CPU
		{62A37415-A268-4799-8FD7-9DC23D4AAE93}.Debug-Web|Windows.Build.0 = Debug|Any CPU
		{62A37415-A268-4799-8FD7-9DC23D4AAE93}.Debug-Web|x64.ActiveCfg = Debug|Any CPU
		{62A37415-A268-4799-8FD7-9DC23D4AAE93}.Debug-Web|x64.Build.0 = Debug|Any CPU
		{62A37415-A268-4799-8FD7-9DC23D4AAE93}.Debug-Web|x86.ActiveCfg = Debug|Any CPU
		{62A37415-A268-4799-8FD7-9DC23D4AAE93}.Debug-Web|x86.Build.0 = Debug|Any CPU
		{62A37415-A268-4799-8FD7-9DC23D4AAE93}.Release|Android.ActiveCfg = Release|Any CPU
		{62A37415-A268-4799-8FD7-9DC23D4AAE93}.Release|Android.Build.0 = Release|Any CPU
		{62A37415-A268-4799-8FD7-9DC23D4AAE93}.Release|Any CPU.ActiveCfg = Release|Any CPU
		{62A37415-A268-4799-8FD7-9DC23D4AAE93}.Release|Any CPU.Build.0 = Release|Any CPU
		{62A37415-A268-4799-8FD7-9DC23D4AAE93}.Release|ARM.ActiveCfg = Release|Any CPU
		{62A37415-A268-4799-8FD7-9DC23D4AAE93}.Release|ARM.Build.0 = Release|Any CPU
		{62A37415-A268-4799-8FD7-9DC23D4AAE93}.Release|iPhone.ActiveCfg = Release|Any CPU
		{62A37415-A268-4799-8FD7-9DC23D4AAE93}.Release|iPhone.Build.0 = Release|Any CPU
		{62A37415-A268-4799-8FD7-9DC23D4AAE93}.Release|iPhoneSimulator.ActiveCfg = Release|Any CPU
		{62A37415-A268-4799-8FD7-9DC23D4AAE93}.Release|iPhoneSimulator.Build.0 = Release|Any CPU
		{62A37415-A268-4799-8FD7-9DC23D4AAE93}.Release|Windows.ActiveCfg = Release|Any CPU
		{62A37415-A268-4799-8FD7-9DC23D4AAE93}.Release|Windows.Build.0 = Release|Any CPU
		{62A37415-A268-4799-8FD7-9DC23D4AAE93}.Release|x64.ActiveCfg = Release|Any CPU
		{62A37415-A268-4799-8FD7-9DC23D4AAE93}.Release|x64.Build.0 = Release|Any CPU
		{62A37415-A268-4799-8FD7-9DC23D4AAE93}.Release|x86.ActiveCfg = Release|Any CPU
		{62A37415-A268-4799-8FD7-9DC23D4AAE93}.Release|x86.Build.0 = Release|Any CPU
		{75AEBAE1-71AD-46A6-9B1B-F958B7897784}.Debug|Android.ActiveCfg = Debug|Any CPU
		{75AEBAE1-71AD-46A6-9B1B-F958B7897784}.Debug|Android.Build.0 = Debug|Any CPU
		{75AEBAE1-71AD-46A6-9B1B-F958B7897784}.Debug|Any CPU.ActiveCfg = Debug|Any CPU
		{75AEBAE1-71AD-46A6-9B1B-F958B7897784}.Debug|Any CPU.Build.0 = Debug|Any CPU
		{75AEBAE1-71AD-46A6-9B1B-F958B7897784}.Debug|ARM.ActiveCfg = Debug|Any CPU
		{75AEBAE1-71AD-46A6-9B1B-F958B7897784}.Debug|ARM.Build.0 = Debug|Any CPU
		{75AEBAE1-71AD-46A6-9B1B-F958B7897784}.Debug|iPhone.ActiveCfg = Debug|Any CPU
		{75AEBAE1-71AD-46A6-9B1B-F958B7897784}.Debug|iPhone.Build.0 = Debug|Any CPU
		{75AEBAE1-71AD-46A6-9B1B-F958B7897784}.Debug|iPhoneSimulator.ActiveCfg = Debug|Any CPU
		{75AEBAE1-71AD-46A6-9B1B-F958B7897784}.Debug|iPhoneSimulator.Build.0 = Debug|Any CPU
		{75AEBAE1-71AD-46A6-9B1B-F958B7897784}.Debug|Windows.ActiveCfg = Debug|Any CPU
		{75AEBAE1-71AD-46A6-9B1B-F958B7897784}.Debug|Windows.Build.0 = Debug|Any CPU
		{75AEBAE1-71AD-46A6-9B1B-F958B7897784}.Debug|x64.ActiveCfg = Debug|Any CPU
		{75AEBAE1-71AD-46A6-9B1B-F958B7897784}.Debug|x64.Build.0 = Debug|Any CPU
		{75AEBAE1-71AD-46A6-9B1B-F958B7897784}.Debug|x86.ActiveCfg = Debug|Any CPU
		{75AEBAE1-71AD-46A6-9B1B-F958B7897784}.Debug|x86.Build.0 = Debug|Any CPU
		{75AEBAE1-71AD-46A6-9B1B-F958B7897784}.Debug-Android|Android.ActiveCfg = Debug|Any CPU
		{75AEBAE1-71AD-46A6-9B1B-F958B7897784}.Debug-Android|Android.Build.0 = Debug|Any CPU
		{75AEBAE1-71AD-46A6-9B1B-F958B7897784}.Debug-Android|Any CPU.ActiveCfg = Debug|Any CPU
		{75AEBAE1-71AD-46A6-9B1B-F958B7897784}.Debug-Android|ARM.ActiveCfg = Debug|Any CPU
		{75AEBAE1-71AD-46A6-9B1B-F958B7897784}.Debug-Android|ARM.Build.0 = Debug|Any CPU
		{75AEBAE1-71AD-46A6-9B1B-F958B7897784}.Debug-Android|iPhone.ActiveCfg = Debug|Any CPU
		{75AEBAE1-71AD-46A6-9B1B-F958B7897784}.Debug-Android|iPhone.Build.0 = Debug|Any CPU
		{75AEBAE1-71AD-46A6-9B1B-F958B7897784}.Debug-Android|iPhoneSimulator.ActiveCfg = Debug|Any CPU
		{75AEBAE1-71AD-46A6-9B1B-F958B7897784}.Debug-Android|iPhoneSimulator.Build.0 = Debug|Any CPU
		{75AEBAE1-71AD-46A6-9B1B-F958B7897784}.Debug-Android|Windows.ActiveCfg = Debug|Any CPU
		{75AEBAE1-71AD-46A6-9B1B-F958B7897784}.Debug-Android|Windows.Build.0 = Debug|Any CPU
		{75AEBAE1-71AD-46A6-9B1B-F958B7897784}.Debug-Android|x64.ActiveCfg = Debug|Any CPU
		{75AEBAE1-71AD-46A6-9B1B-F958B7897784}.Debug-Android|x64.Build.0 = Debug|Any CPU
		{75AEBAE1-71AD-46A6-9B1B-F958B7897784}.Debug-Android|x86.ActiveCfg = Debug|Any CPU
		{75AEBAE1-71AD-46A6-9B1B-F958B7897784}.Debug-Android|x86.Build.0 = Debug|Any CPU
		{75AEBAE1-71AD-46A6-9B1B-F958B7897784}.Debug-Web|Android.ActiveCfg = Debug|Any CPU
		{75AEBAE1-71AD-46A6-9B1B-F958B7897784}.Debug-Web|Android.Build.0 = Debug|Any CPU
		{75AEBAE1-71AD-46A6-9B1B-F958B7897784}.Debug-Web|Any CPU.ActiveCfg = Debug|Any CPU
		{75AEBAE1-71AD-46A6-9B1B-F958B7897784}.Debug-Web|Any CPU.Build.0 = Debug|Any CPU
		{75AEBAE1-71AD-46A6-9B1B-F958B7897784}.Debug-Web|ARM.ActiveCfg = Debug|Any CPU
		{75AEBAE1-71AD-46A6-9B1B-F958B7897784}.Debug-Web|ARM.Build.0 = Debug|Any CPU
		{75AEBAE1-71AD-46A6-9B1B-F958B7897784}.Debug-Web|iPhone.ActiveCfg = Debug|Any CPU
		{75AEBAE1-71AD-46A6-9B1B-F958B7897784}.Debug-Web|iPhone.Build.0 = Debug|Any CPU
		{75AEBAE1-71AD-46A6-9B1B-F958B7897784}.Debug-Web|iPhoneSimulator.ActiveCfg = Debug|Any CPU
		{75AEBAE1-71AD-46A6-9B1B-F958B7897784}.Debug-Web|iPhoneSimulator.Build.0 = Debug|Any CPU
		{75AEBAE1-71AD-46A6-9B1B-F958B7897784}.Debug-Web|Windows.ActiveCfg = Debug|Any CPU
		{75AEBAE1-71AD-46A6-9B1B-F958B7897784}.Debug-Web|Windows.Build.0 = Debug|Any CPU
		{75AEBAE1-71AD-46A6-9B1B-F958B7897784}.Debug-Web|x64.ActiveCfg = Debug|Any CPU
		{75AEBAE1-71AD-46A6-9B1B-F958B7897784}.Debug-Web|x64.Build.0 = Debug|Any CPU
		{75AEBAE1-71AD-46A6-9B1B-F958B7897784}.Debug-Web|x86.ActiveCfg = Debug|Any CPU
		{75AEBAE1-71AD-46A6-9B1B-F958B7897784}.Debug-Web|x86.Build.0 = Debug|Any CPU
		{75AEBAE1-71AD-46A6-9B1B-F958B7897784}.Release|Android.ActiveCfg = Release|Any CPU
		{75AEBAE1-71AD-46A6-9B1B-F958B7897784}.Release|Android.Build.0 = Release|Any CPU
		{75AEBAE1-71AD-46A6-9B1B-F958B7897784}.Release|Any CPU.ActiveCfg = Release|Any CPU
		{75AEBAE1-71AD-46A6-9B1B-F958B7897784}.Release|Any CPU.Build.0 = Release|Any CPU
		{75AEBAE1-71AD-46A6-9B1B-F958B7897784}.Release|ARM.ActiveCfg = Release|Any CPU
		{75AEBAE1-71AD-46A6-9B1B-F958B7897784}.Release|ARM.Build.0 = Release|Any CPU
		{75AEBAE1-71AD-46A6-9B1B-F958B7897784}.Release|iPhone.ActiveCfg = Release|Any CPU
		{75AEBAE1-71AD-46A6-9B1B-F958B7897784}.Release|iPhone.Build.0 = Release|Any CPU
		{75AEBAE1-71AD-46A6-9B1B-F958B7897784}.Release|iPhoneSimulator.ActiveCfg = Release|Any CPU
		{75AEBAE1-71AD-46A6-9B1B-F958B7897784}.Release|iPhoneSimulator.Build.0 = Release|Any CPU
		{75AEBAE1-71AD-46A6-9B1B-F958B7897784}.Release|Windows.ActiveCfg = Release|Any CPU
		{75AEBAE1-71AD-46A6-9B1B-F958B7897784}.Release|Windows.Build.0 = Release|Any CPU
		{75AEBAE1-71AD-46A6-9B1B-F958B7897784}.Release|x64.ActiveCfg = Release|Any CPU
		{75AEBAE1-71AD-46A6-9B1B-F958B7897784}.Release|x64.Build.0 = Release|Any CPU
		{75AEBAE1-71AD-46A6-9B1B-F958B7897784}.Release|x86.ActiveCfg = Release|Any CPU
		{75AEBAE1-71AD-46A6-9B1B-F958B7897784}.Release|x86.Build.0 = Release|Any CPU
		{D9C9130A-9EEF-4190-9F61-D8DAD247E3F4}.Debug|Android.ActiveCfg = Debug|Any CPU
		{D9C9130A-9EEF-4190-9F61-D8DAD247E3F4}.Debug|Android.Build.0 = Debug|Any CPU
		{D9C9130A-9EEF-4190-9F61-D8DAD247E3F4}.Debug|Android.Deploy.0 = Debug|Any CPU
		{D9C9130A-9EEF-4190-9F61-D8DAD247E3F4}.Debug|Any CPU.ActiveCfg = Debug|Any CPU
		{D9C9130A-9EEF-4190-9F61-D8DAD247E3F4}.Debug|Any CPU.Build.0 = Debug|Any CPU
		{D9C9130A-9EEF-4190-9F61-D8DAD247E3F4}.Debug|Any CPU.Deploy.0 = Debug|Any CPU
		{D9C9130A-9EEF-4190-9F61-D8DAD247E3F4}.Debug|ARM.ActiveCfg = Debug|Any CPU
		{D9C9130A-9EEF-4190-9F61-D8DAD247E3F4}.Debug|ARM.Build.0 = Debug|Any CPU
		{D9C9130A-9EEF-4190-9F61-D8DAD247E3F4}.Debug|ARM.Deploy.0 = Debug|Any CPU
		{D9C9130A-9EEF-4190-9F61-D8DAD247E3F4}.Debug|iPhone.ActiveCfg = Debug|Any CPU
		{D9C9130A-9EEF-4190-9F61-D8DAD247E3F4}.Debug|iPhone.Build.0 = Debug|Any CPU
		{D9C9130A-9EEF-4190-9F61-D8DAD247E3F4}.Debug|iPhone.Deploy.0 = Debug|Any CPU
		{D9C9130A-9EEF-4190-9F61-D8DAD247E3F4}.Debug|iPhoneSimulator.ActiveCfg = Debug|Any CPU
		{D9C9130A-9EEF-4190-9F61-D8DAD247E3F4}.Debug|iPhoneSimulator.Build.0 = Debug|Any CPU
		{D9C9130A-9EEF-4190-9F61-D8DAD247E3F4}.Debug|iPhoneSimulator.Deploy.0 = Debug|Any CPU
		{D9C9130A-9EEF-4190-9F61-D8DAD247E3F4}.Debug|Windows.ActiveCfg = Debug|Any CPU
		{D9C9130A-9EEF-4190-9F61-D8DAD247E3F4}.Debug|Windows.Build.0 = Debug|Any CPU
		{D9C9130A-9EEF-4190-9F61-D8DAD247E3F4}.Debug|Windows.Deploy.0 = Debug|Any CPU
		{D9C9130A-9EEF-4190-9F61-D8DAD247E3F4}.Debug|x64.ActiveCfg = Debug|Any CPU
		{D9C9130A-9EEF-4190-9F61-D8DAD247E3F4}.Debug|x64.Build.0 = Debug|Any CPU
		{D9C9130A-9EEF-4190-9F61-D8DAD247E3F4}.Debug|x64.Deploy.0 = Debug|Any CPU
		{D9C9130A-9EEF-4190-9F61-D8DAD247E3F4}.Debug|x86.ActiveCfg = Debug|Any CPU
		{D9C9130A-9EEF-4190-9F61-D8DAD247E3F4}.Debug|x86.Build.0 = Debug|Any CPU
		{D9C9130A-9EEF-4190-9F61-D8DAD247E3F4}.Debug|x86.Deploy.0 = Debug|Any CPU
		{D9C9130A-9EEF-4190-9F61-D8DAD247E3F4}.Debug-Android|Android.ActiveCfg = Debug|Any CPU
		{D9C9130A-9EEF-4190-9F61-D8DAD247E3F4}.Debug-Android|Android.Build.0 = Debug|Any CPU
		{D9C9130A-9EEF-4190-9F61-D8DAD247E3F4}.Debug-Android|Android.Deploy.0 = Debug|Any CPU
		{D9C9130A-9EEF-4190-9F61-D8DAD247E3F4}.Debug-Android|Any CPU.ActiveCfg = Debug|Any CPU
		{D9C9130A-9EEF-4190-9F61-D8DAD247E3F4}.Debug-Android|ARM.ActiveCfg = Debug|Any CPU
		{D9C9130A-9EEF-4190-9F61-D8DAD247E3F4}.Debug-Android|ARM.Build.0 = Debug|Any CPU
		{D9C9130A-9EEF-4190-9F61-D8DAD247E3F4}.Debug-Android|ARM.Deploy.0 = Debug|Any CPU
		{D9C9130A-9EEF-4190-9F61-D8DAD247E3F4}.Debug-Android|iPhone.ActiveCfg = Debug|Any CPU
		{D9C9130A-9EEF-4190-9F61-D8DAD247E3F4}.Debug-Android|iPhone.Build.0 = Debug|Any CPU
		{D9C9130A-9EEF-4190-9F61-D8DAD247E3F4}.Debug-Android|iPhone.Deploy.0 = Debug|Any CPU
		{D9C9130A-9EEF-4190-9F61-D8DAD247E3F4}.Debug-Android|iPhoneSimulator.ActiveCfg = Debug|Any CPU
		{D9C9130A-9EEF-4190-9F61-D8DAD247E3F4}.Debug-Android|iPhoneSimulator.Build.0 = Debug|Any CPU
		{D9C9130A-9EEF-4190-9F61-D8DAD247E3F4}.Debug-Android|iPhoneSimulator.Deploy.0 = Debug|Any CPU
		{D9C9130A-9EEF-4190-9F61-D8DAD247E3F4}.Debug-Android|Windows.ActiveCfg = Debug|Any CPU
		{D9C9130A-9EEF-4190-9F61-D8DAD247E3F4}.Debug-Android|Windows.Build.0 = Debug|Any CPU
		{D9C9130A-9EEF-4190-9F61-D8DAD247E3F4}.Debug-Android|Windows.Deploy.0 = Debug|Any CPU
		{D9C9130A-9EEF-4190-9F61-D8DAD247E3F4}.Debug-Android|x64.ActiveCfg = Debug|Any CPU
		{D9C9130A-9EEF-4190-9F61-D8DAD247E3F4}.Debug-Android|x64.Build.0 = Debug|Any CPU
		{D9C9130A-9EEF-4190-9F61-D8DAD247E3F4}.Debug-Android|x64.Deploy.0 = Debug|Any CPU
		{D9C9130A-9EEF-4190-9F61-D8DAD247E3F4}.Debug-Android|x86.ActiveCfg = Debug|Any CPU
		{D9C9130A-9EEF-4190-9F61-D8DAD247E3F4}.Debug-Android|x86.Build.0 = Debug|Any CPU
		{D9C9130A-9EEF-4190-9F61-D8DAD247E3F4}.Debug-Android|x86.Deploy.0 = Debug|Any CPU
		{D9C9130A-9EEF-4190-9F61-D8DAD247E3F4}.Debug-Web|Android.ActiveCfg = Debug|Any CPU
		{D9C9130A-9EEF-4190-9F61-D8DAD247E3F4}.Debug-Web|Android.Build.0 = Debug|Any CPU
		{D9C9130A-9EEF-4190-9F61-D8DAD247E3F4}.Debug-Web|Android.Deploy.0 = Debug|Any CPU
		{D9C9130A-9EEF-4190-9F61-D8DAD247E3F4}.Debug-Web|Any CPU.ActiveCfg = Debug|Any CPU
		{D9C9130A-9EEF-4190-9F61-D8DAD247E3F4}.Debug-Web|Any CPU.Build.0 = Debug|Any CPU
		{D9C9130A-9EEF-4190-9F61-D8DAD247E3F4}.Debug-Web|ARM.ActiveCfg = Debug|Any CPU
		{D9C9130A-9EEF-4190-9F61-D8DAD247E3F4}.Debug-Web|ARM.Build.0 = Debug|Any CPU
		{D9C9130A-9EEF-4190-9F61-D8DAD247E3F4}.Debug-Web|ARM.Deploy.0 = Debug|Any CPU
		{D9C9130A-9EEF-4190-9F61-D8DAD247E3F4}.Debug-Web|iPhone.ActiveCfg = Debug|Any CPU
		{D9C9130A-9EEF-4190-9F61-D8DAD247E3F4}.Debug-Web|iPhone.Build.0 = Debug|Any CPU
		{D9C9130A-9EEF-4190-9F61-D8DAD247E3F4}.Debug-Web|iPhone.Deploy.0 = Debug|Any CPU
		{D9C9130A-9EEF-4190-9F61-D8DAD247E3F4}.Debug-Web|iPhoneSimulator.ActiveCfg = Debug|Any CPU
		{D9C9130A-9EEF-4190-9F61-D8DAD247E3F4}.Debug-Web|iPhoneSimulator.Build.0 = Debug|Any CPU
		{D9C9130A-9EEF-4190-9F61-D8DAD247E3F4}.Debug-Web|iPhoneSimulator.Deploy.0 = Debug|Any CPU
		{D9C9130A-9EEF-4190-9F61-D8DAD247E3F4}.Debug-Web|Windows.ActiveCfg = Debug|Any CPU
		{D9C9130A-9EEF-4190-9F61-D8DAD247E3F4}.Debug-Web|Windows.Build.0 = Debug|Any CPU
		{D9C9130A-9EEF-4190-9F61-D8DAD247E3F4}.Debug-Web|Windows.Deploy.0 = Debug|Any CPU
		{D9C9130A-9EEF-4190-9F61-D8DAD247E3F4}.Debug-Web|x64.ActiveCfg = Debug|Any CPU
		{D9C9130A-9EEF-4190-9F61-D8DAD247E3F4}.Debug-Web|x64.Build.0 = Debug|Any CPU
		{D9C9130A-9EEF-4190-9F61-D8DAD247E3F4}.Debug-Web|x64.Deploy.0 = Debug|Any CPU
		{D9C9130A-9EEF-4190-9F61-D8DAD247E3F4}.Debug-Web|x86.ActiveCfg = Debug|Any CPU
		{D9C9130A-9EEF-4190-9F61-D8DAD247E3F4}.Debug-Web|x86.Build.0 = Debug|Any CPU
		{D9C9130A-9EEF-4190-9F61-D8DAD247E3F4}.Debug-Web|x86.Deploy.0 = Debug|Any CPU
		{D9C9130A-9EEF-4190-9F61-D8DAD247E3F4}.Release|Android.ActiveCfg = Release|Any CPU
		{D9C9130A-9EEF-4190-9F61-D8DAD247E3F4}.Release|Android.Build.0 = Release|Any CPU
		{D9C9130A-9EEF-4190-9F61-D8DAD247E3F4}.Release|Android.Deploy.0 = Release|Any CPU
		{D9C9130A-9EEF-4190-9F61-D8DAD247E3F4}.Release|Any CPU.ActiveCfg = Release|Any CPU
		{D9C9130A-9EEF-4190-9F61-D8DAD247E3F4}.Release|Any CPU.Build.0 = Release|Any CPU
		{D9C9130A-9EEF-4190-9F61-D8DAD247E3F4}.Release|ARM.ActiveCfg = Release|Any CPU
		{D9C9130A-9EEF-4190-9F61-D8DAD247E3F4}.Release|ARM.Build.0 = Release|Any CPU
		{D9C9130A-9EEF-4190-9F61-D8DAD247E3F4}.Release|ARM.Deploy.0 = Release|Any CPU
		{D9C9130A-9EEF-4190-9F61-D8DAD247E3F4}.Release|iPhone.ActiveCfg = Release|Any CPU
		{D9C9130A-9EEF-4190-9F61-D8DAD247E3F4}.Release|iPhone.Build.0 = Release|Any CPU
		{D9C9130A-9EEF-4190-9F61-D8DAD247E3F4}.Release|iPhone.Deploy.0 = Release|Any CPU
		{D9C9130A-9EEF-4190-9F61-D8DAD247E3F4}.Release|iPhoneSimulator.ActiveCfg = Release|Any CPU
		{D9C9130A-9EEF-4190-9F61-D8DAD247E3F4}.Release|iPhoneSimulator.Build.0 = Release|Any CPU
		{D9C9130A-9EEF-4190-9F61-D8DAD247E3F4}.Release|iPhoneSimulator.Deploy.0 = Release|Any CPU
		{D9C9130A-9EEF-4190-9F61-D8DAD247E3F4}.Release|Windows.ActiveCfg = Release|Any CPU
		{D9C9130A-9EEF-4190-9F61-D8DAD247E3F4}.Release|Windows.Build.0 = Release|Any CPU
		{D9C9130A-9EEF-4190-9F61-D8DAD247E3F4}.Release|Windows.Deploy.0 = Release|Any CPU
		{D9C9130A-9EEF-4190-9F61-D8DAD247E3F4}.Release|x64.ActiveCfg = Release|Any CPU
		{D9C9130A-9EEF-4190-9F61-D8DAD247E3F4}.Release|x64.Build.0 = Release|Any CPU
		{D9C9130A-9EEF-4190-9F61-D8DAD247E3F4}.Release|x64.Deploy.0 = Release|Any CPU
		{D9C9130A-9EEF-4190-9F61-D8DAD247E3F4}.Release|x86.ActiveCfg = Release|Any CPU
		{D9C9130A-9EEF-4190-9F61-D8DAD247E3F4}.Release|x86.Build.0 = Release|Any CPU
		{D9C9130A-9EEF-4190-9F61-D8DAD247E3F4}.Release|x86.Deploy.0 = Release|Any CPU
		{3E616927-E2B9-4985-ADF6-95647498E122}.Debug|Android.ActiveCfg = Debug|Any CPU
		{3E616927-E2B9-4985-ADF6-95647498E122}.Debug|Android.Build.0 = Debug|Any CPU
		{3E616927-E2B9-4985-ADF6-95647498E122}.Debug|Any CPU.ActiveCfg = Debug|Any CPU
		{3E616927-E2B9-4985-ADF6-95647498E122}.Debug|Any CPU.Build.0 = Debug|Any CPU
		{3E616927-E2B9-4985-ADF6-95647498E122}.Debug|ARM.ActiveCfg = Debug|Any CPU
		{3E616927-E2B9-4985-ADF6-95647498E122}.Debug|ARM.Build.0 = Debug|Any CPU
		{3E616927-E2B9-4985-ADF6-95647498E122}.Debug|iPhone.ActiveCfg = Debug|Any CPU
		{3E616927-E2B9-4985-ADF6-95647498E122}.Debug|iPhone.Build.0 = Debug|Any CPU
		{3E616927-E2B9-4985-ADF6-95647498E122}.Debug|iPhoneSimulator.ActiveCfg = Debug|Any CPU
		{3E616927-E2B9-4985-ADF6-95647498E122}.Debug|iPhoneSimulator.Build.0 = Debug|Any CPU
		{3E616927-E2B9-4985-ADF6-95647498E122}.Debug|Windows.ActiveCfg = Debug|Any CPU
		{3E616927-E2B9-4985-ADF6-95647498E122}.Debug|Windows.Build.0 = Debug|Any CPU
		{3E616927-E2B9-4985-ADF6-95647498E122}.Debug|x64.ActiveCfg = Debug|Any CPU
		{3E616927-E2B9-4985-ADF6-95647498E122}.Debug|x64.Build.0 = Debug|Any CPU
		{3E616927-E2B9-4985-ADF6-95647498E122}.Debug|x86.ActiveCfg = Debug|Any CPU
		{3E616927-E2B9-4985-ADF6-95647498E122}.Debug|x86.Build.0 = Debug|Any CPU
		{3E616927-E2B9-4985-ADF6-95647498E122}.Debug-Android|Android.ActiveCfg = Debug|Any CPU
		{3E616927-E2B9-4985-ADF6-95647498E122}.Debug-Android|Android.Build.0 = Debug|Any CPU
		{3E616927-E2B9-4985-ADF6-95647498E122}.Debug-Android|Any CPU.ActiveCfg = Debug|Any CPU
		{3E616927-E2B9-4985-ADF6-95647498E122}.Debug-Android|Any CPU.Build.0 = Debug|Any CPU
		{3E616927-E2B9-4985-ADF6-95647498E122}.Debug-Android|ARM.ActiveCfg = Debug|Any CPU
		{3E616927-E2B9-4985-ADF6-95647498E122}.Debug-Android|ARM.Build.0 = Debug|Any CPU
		{3E616927-E2B9-4985-ADF6-95647498E122}.Debug-Android|iPhone.ActiveCfg = Debug|Any CPU
		{3E616927-E2B9-4985-ADF6-95647498E122}.Debug-Android|iPhone.Build.0 = Debug|Any CPU
		{3E616927-E2B9-4985-ADF6-95647498E122}.Debug-Android|iPhoneSimulator.ActiveCfg = Debug|Any CPU
		{3E616927-E2B9-4985-ADF6-95647498E122}.Debug-Android|iPhoneSimulator.Build.0 = Debug|Any CPU
		{3E616927-E2B9-4985-ADF6-95647498E122}.Debug-Android|Windows.ActiveCfg = Debug|Any CPU
		{3E616927-E2B9-4985-ADF6-95647498E122}.Debug-Android|Windows.Build.0 = Debug|Any CPU
		{3E616927-E2B9-4985-ADF6-95647498E122}.Debug-Android|x64.ActiveCfg = Debug|Any CPU
		{3E616927-E2B9-4985-ADF6-95647498E122}.Debug-Android|x64.Build.0 = Debug|Any CPU
		{3E616927-E2B9-4985-ADF6-95647498E122}.Debug-Android|x86.ActiveCfg = Debug|Any CPU
		{3E616927-E2B9-4985-ADF6-95647498E122}.Debug-Android|x86.Build.0 = Debug|Any CPU
		{3E616927-E2B9-4985-ADF6-95647498E122}.Debug-Web|Android.ActiveCfg = Debug|Any CPU
		{3E616927-E2B9-4985-ADF6-95647498E122}.Debug-Web|Android.Build.0 = Debug|Any CPU
		{3E616927-E2B9-4985-ADF6-95647498E122}.Debug-Web|Any CPU.ActiveCfg = Debug|Any CPU
		{3E616927-E2B9-4985-ADF6-95647498E122}.Debug-Web|Any CPU.Build.0 = Debug|Any CPU
		{3E616927-E2B9-4985-ADF6-95647498E122}.Debug-Web|ARM.ActiveCfg = Debug|Any CPU
		{3E616927-E2B9-4985-ADF6-95647498E122}.Debug-Web|ARM.Build.0 = Debug|Any CPU
		{3E616927-E2B9-4985-ADF6-95647498E122}.Debug-Web|iPhone.ActiveCfg = Debug|Any CPU
		{3E616927-E2B9-4985-ADF6-95647498E122}.Debug-Web|iPhone.Build.0 = Debug|Any CPU
		{3E616927-E2B9-4985-ADF6-95647498E122}.Debug-Web|iPhoneSimulator.ActiveCfg = Debug|Any CPU
		{3E616927-E2B9-4985-ADF6-95647498E122}.Debug-Web|iPhoneSimulator.Build.0 = Debug|Any CPU
		{3E616927-E2B9-4985-ADF6-95647498E122}.Debug-Web|Windows.ActiveCfg = Debug|Any CPU
		{3E616927-E2B9-4985-ADF6-95647498E122}.Debug-Web|Windows.Build.0 = Debug|Any CPU
		{3E616927-E2B9-4985-ADF6-95647498E122}.Debug-Web|x64.ActiveCfg = Debug|Any CPU
		{3E616927-E2B9-4985-ADF6-95647498E122}.Debug-Web|x64.Build.0 = Debug|Any CPU
		{3E616927-E2B9-4985-ADF6-95647498E122}.Debug-Web|x86.ActiveCfg = Debug|Any CPU
		{3E616927-E2B9-4985-ADF6-95647498E122}.Debug-Web|x86.Build.0 = Debug|Any CPU
		{3E616927-E2B9-4985-ADF6-95647498E122}.Release|Android.ActiveCfg = Release|Any CPU
		{3E616927-E2B9-4985-ADF6-95647498E122}.Release|Android.Build.0 = Release|Any CPU
		{3E616927-E2B9-4985-ADF6-95647498E122}.Release|Any CPU.ActiveCfg = Release|Any CPU
		{3E616927-E2B9-4985-ADF6-95647498E122}.Release|Any CPU.Build.0 = Release|Any CPU
		{3E616927-E2B9-4985-ADF6-95647498E122}.Release|ARM.ActiveCfg = Release|Any CPU
		{3E616927-E2B9-4985-ADF6-95647498E122}.Release|ARM.Build.0 = Release|Any CPU
		{3E616927-E2B9-4985-ADF6-95647498E122}.Release|iPhone.ActiveCfg = Release|Any CPU
		{3E616927-E2B9-4985-ADF6-95647498E122}.Release|iPhone.Build.0 = Release|Any CPU
		{3E616927-E2B9-4985-ADF6-95647498E122}.Release|iPhoneSimulator.ActiveCfg = Release|Any CPU
		{3E616927-E2B9-4985-ADF6-95647498E122}.Release|iPhoneSimulator.Build.0 = Release|Any CPU
		{3E616927-E2B9-4985-ADF6-95647498E122}.Release|Windows.ActiveCfg = Release|Any CPU
		{3E616927-E2B9-4985-ADF6-95647498E122}.Release|Windows.Build.0 = Release|Any CPU
		{3E616927-E2B9-4985-ADF6-95647498E122}.Release|x64.ActiveCfg = Release|Any CPU
		{3E616927-E2B9-4985-ADF6-95647498E122}.Release|x64.Build.0 = Release|Any CPU
		{3E616927-E2B9-4985-ADF6-95647498E122}.Release|x86.ActiveCfg = Release|Any CPU
		{3E616927-E2B9-4985-ADF6-95647498E122}.Release|x86.Build.0 = Release|Any CPU
	EndGlobalSection
	GlobalSection(SolutionProperties) = preSolution
		HideSolutionNode = FALSE
	EndGlobalSection
	GlobalSection(NestedProjects) = preSolution
		{62A37415-A268-4799-8FD7-9DC23D4AAE93} = {BFDB6F77-E4A9-4964-8B3E-449D0B56B255}
		{75AEBAE1-71AD-46A6-9B1B-F958B7897784} = {41C68525-44C5-42B8-97CF-F1A3E8B19298}
		{D9C9130A-9EEF-4190-9F61-D8DAD247E3F4} = {8EAE21BE-173E-4F0A-919A-90E980A2F6C6}
		{3E616927-E2B9-4985-ADF6-95647498E122} = {E60FB002-2927-4F89-B534-0D3314DEC7CC}
	EndGlobalSection
	GlobalSection(ExtensibilityGlobals) = postSolution
		SolutionGuid = {C7F774C3-A737-4124-B51C-7D6A60329112}
	EndGlobalSection
EndGlobal
